
Microsoft Visual Studio Solution File, Format Version 12.00
# Visual Studio Version 16
VisualStudioVersion = 16.0.31613.86
MinimumVisualStudioVersion = 10.0.40219.1
Project("{FAE04EC0-301F-11D3-BF4B-00C04F79EFBC}") = "LeiloadosWebAPI", "LeiloadosWebAPI\LeiloadosWebAPI.csproj", "{C8842E2B-F237-4915-941B-BBCE7B2A8A16}"
EndProject
Global
	GlobalSection(SolutionConfigurationPlatforms) = preSolution
		Debug|Any CPU = Debug|Any CPU
		Release|Any CPU = Release|Any CPU
	EndGlobalSection
	GlobalSection(ProjectConfigurationPlatforms) = postSolution
		{C8842E2B-F237-4915-941B-BBCE7B2A8A16}.Debug|Any CPU.ActiveCfg = Debug|Any CPU
		{C8842E2B-F237-4915-941B-BBCE7B2A8A16}.Debug|Any CPU.Build.0 = Debug|Any CPU
		{C8842E2B-F237-4915-941B-BBCE7B2A8A16}.Release|Any CPU.ActiveCfg = Release|Any CPU
		{C8842E2B-F237-4915-941B-BBCE7B2A8A16}.Release|Any CPU.Build.0 = Release|Any CPU
	EndGlobalSection
	GlobalSection(SolutionProperties) = preSolution
		HideSolutionNode = FALSE
	EndGlobalSection
	GlobalSection(ExtensibilityGlobals) = postSolution
		SolutionGuid = {FCCB6423-A97D-4C75-92D0-5C0A5A74B6DA}
	EndGlobalSection
EndGlobal
